<?xml version="1.0" encoding="utf-8"?>
<Project ToolsVersion="4.0" xmlns="http://schemas.microsoft.com/developer/msbuild/2003">
  <ItemGroup>
    <Filter Include="Core">
      <UniqueIdentifier>{fd0dfc51-81dc-42dc-a007-3bd8c5fbc9f5}</UniqueIdentifier>
    </Filter>
    <Filter Include="Core\Callbacks">
      <UniqueIdentifier>{9863006f-d7b5-4714-aa26-e8e5538a4fea}</UniqueIdentifier>
    </Filter>
    <Filter Include="Core\Callbacks\CreateProcessCallback">
      <UniqueIdentifier>{885b39eb-8974-4f77-954c-b410d9ff1bed}</UniqueIdentifier>
    </Filter>
    <Filter Include="Core\Callbacks\ImageLoadCallback">
      <UniqueIdentifier>{57fce81d-680e-4422-bdb2-92de47505111}</UniqueIdentifier>
    </Filter>
    <Filter Include="Core\IO">
      <UniqueIdentifier>{cf99a9d4-ae23-41c7-8bfc-af01452a2b56}</UniqueIdentifier>
    </Filter>
    <Filter Include="Core\Hooks">
      <UniqueIdentifier>{f3d7e4b2-0847-4470-bc12-42ba7a85bdfe}</UniqueIdentifier>
    </Filter>
  </ItemGroup>
  <ItemGroup>
    <ClCompile Include="DriverUnload.c" />
    <ClCompile Include="nightmare_drv.c" />
    <ClCompile Include="CreateProcessCallback.c">
      <Filter>Core\Callbacks\CreateProcessCallback</Filter>
    </ClCompile>
    <ClCompile Include="ImageLoadCallback.c">
      <Filter>Core\Callbacks\ImageLoadCallback</Filter>
    </ClCompile>
    <ClCompile Include="UnsupportedDispatch.c">
      <Filter>Core\IO</Filter>
    </ClCompile>
    <ClCompile Include="Hook.c">
      <Filter>Core\Hooks</Filter>
    </ClCompile>
    <ClCompile Include="HalDispatchHook.c">
      <Filter>Core\Hooks</Filter>
    </ClCompile>
  </ItemGroup>
  <ItemGroup>
    <ClInclude Include="driver_io.h">
      <Filter>Core</Filter>
    </ClInclude>
    <ClInclude Include="CreateProcessCallback.h">
      <Filter>Core\Callbacks\CreateProcessCallback</Filter>
    </ClInclude>
    <ClInclude Include="ImageLoadCallback.h">
      <Filter>Core\Callbacks\ImageLoadCallback</Filter>
    </ClInclude>
    <ClInclude Include="global_defs.h">
      <Filter>Core</Filter>
    </ClInclude>
    <ClInclude Include="globals.h">
      <Filter>Core</Filter>
    </ClInclude>
    <ClInclude Include="functions.h">
      <Filter>Core</Filter>
    </ClInclude>
    <ClInclude Include="Hook.h">
      <Filter>Core\Hooks</Filter>
    </ClInclude>
    <ClInclude Include="HookSetup.h">
      <Filter>Core\Hooks</Filter>
    </ClInclude>
  </ItemGroup>
</Project>